
Microsoft Visual Studio Solution File, Format Version 12.00
# Visual Studio Version 17
VisualStudioVersion = 17.1.32407.343
MinimumVisualStudioVersion = 10.0.40219.1
Project("{FAE04EC0-301F-11D3-BF4B-00C04F79EFBC}") = "Zad_WorldTimeApi_Europe_Warsaw", "Zad_WorldTimeApi_Europe_Warsaw\Zad_WorldTimeApi_Europe_Warsaw.csproj", "{A20808C3-9994-494E-BDFA-63712441554F}"
EndProject
Global
	GlobalSection(SolutionConfigurationPlatforms) = preSolution
		Debug|Any CPU = Debug|Any CPU
		Release|Any CPU = Release|Any CPU
	EndGlobalSection
	GlobalSection(ProjectConfigurationPlatforms) = postSolution
		{A20808C3-9994-494E-BDFA-63712441554F}.Debug|Any CPU.ActiveCfg = Debug|Any CPU
		{A20808C3-9994-494E-BDFA-63712441554F}.Debug|Any CPU.Build.0 = Debug|Any CPU
		{A20808C3-9994-494E-BDFA-63712441554F}.Release|Any CPU.ActiveCfg = Release|Any CPU
		{A20808C3-9994-494E-BDFA-63712441554F}.Release|Any CPU.Build.0 = Release|Any CPU
	EndGlobalSection
	GlobalSection(SolutionProperties) = preSolution
		HideSolutionNode = FALSE
	EndGlobalSection
	GlobalSection(ExtensibilityGlobals) = postSolution
		SolutionGuid = {8314B8C4-BEB9-4E22-A6BB-E37FE33C7424}
	EndGlobalSection
EndGlobal
